// !$*UTF8*$!
{
	archiveVersion = 1;
	classes = {
	};
	objectVersion = 46;
	objects = {

/* Begin PBXBuildFile section */
		349C13AAABF49C42C6C194E2 /* Pods_swiftFactory.framework in Frameworks */ = {isa = PBXBuildFile; fileRef = 84C8115DF63BDEE7AEF47794 /* Pods_swiftFactory.framework */; };
		7D0C3E311D82D8C100531965 /* MainController.swift in Sources */ = {isa = PBXBuildFile; fileRef = 7D0C3E301D82D8C100531965 /* MainController.swift */; };
		7D54AE9F1D7FC85600C10E6D /* AppDelegate.swift in Sources */ = {isa = PBXBuildFile; fileRef = 7D54AE9E1D7FC85600C10E6D /* AppDelegate.swift */; };
		7D54AEA11D7FC85600C10E6D /* ViewController.swift in Sources */ = {isa = PBXBuildFile; fileRef = 7D54AEA01D7FC85600C10E6D /* ViewController.swift */; };
		7D54AEA41D7FC85600C10E6D /* Main.storyboard in Resources */ = {isa = PBXBuildFile; fileRef = 7D54AEA21D7FC85600C10E6D /* Main.storyboard */; };
		7D54AEA61D7FC85600C10E6D /* Assets.xcassets in Resources */ = {isa = PBXBuildFile; fileRef = 7D54AEA51D7FC85600C10E6D /* Assets.xcassets */; };
		7D54AEA91D7FC85600C10E6D /* LaunchScreen.storyboard in Resources */ = {isa = PBXBuildFile; fileRef = 7D54AEA71D7FC85600C10E6D /* LaunchScreen.storyboard */; };
		7D54AEB41D7FC85600C10E6D /* swiftFactoryTests.swift in Sources */ = {isa = PBXBuildFile; fileRef = 7D54AEB31D7FC85600C10E6D /* swiftFactoryTests.swift */; };
		7D54AEBF1D7FC85600C10E6D /* swiftFactoryUITests.swift in Sources */ = {isa = PBXBuildFile; fileRef = 7D54AEBE1D7FC85600C10E6D /* swiftFactoryUITests.swift */; };
		7D8296F51D8813A300A8FD3E /* Global.swift in Sources */ = {isa = PBXBuildFile; fileRef = 7D8296F41D8813A300A8FD3E /* Global.swift */; };
/* End PBXBuildFile section */

/* Begin PBXContainerItemProxy section */
		7D54AEB01D7FC85600C10E6D /* PBXContainerItemProxy */ = {
			isa = PBXContainerItemProxy;
			containerPortal = 7D54AE931D7FC85600C10E6D /* Project object */;
			proxyType = 1;
			remoteGlobalIDString = 7D54AE9A1D7FC85600C10E6D;
			remoteInfo = swiftFactory;
		};
		7D54AEBB1D7FC85600C10E6D /* PBXContainerItemProxy */ = {
			isa = PBXContainerItemProxy;
			containerPortal = 7D54AE931D7FC85600C10E6D /* Project object */;
			proxyType = 1;
			remoteGlobalIDString = 7D54AE9A1D7FC85600C10E6D;
			remoteInfo = swiftFactory;
		};
/* End PBXContainerItemProxy section */

/* Begin PBXFileReference section */
		1509F21873CE7E7B8A3FD3E1 /* Pods-swiftFactory.release.xcconfig */ = {isa = PBXFileReference; includeInIndex = 1; lastKnownFileType = text.xcconfig; name = "Pods-swiftFactory.release.xcconfig"; path = "Pods/Target Support Files/Pods-swiftFactory/Pods-swiftFactory.release.xcconfig"; sourceTree = "<group>"; };
		7D0C3E301D82D8C100531965 /* MainController.swift */ = {isa = PBXFileReference; fileEncoding = 4; lastKnownFileType = sourcecode.swift; path = MainController.swift; sourceTree = "<group>"; };
		7D54AE9B1D7FC85600C10E6D /* swiftFactory.app */ = {isa = PBXFileReference; explicitFileType = wrapper.application; includeInIndex = 0; path = swiftFactory.app; sourceTree = BUILT_PRODUCTS_DIR; };
		7D54AE9E1D7FC85600C10E6D /* AppDelegate.swift */ = {isa = PBXFileReference; lastKnownFileType = sourcecode.swift; path = AppDelegate.swift; sourceTree = "<group>"; };
		7D54AEA01D7FC85600C10E6D /* ViewController.swift */ = {isa = PBXFileReference; lastKnownFileType = sourcecode.swift; path = ViewController.swift; sourceTree = "<group>"; };
		7D54AEA31D7FC85600C10E6D /* Base */ = {isa = PBXFileReference; lastKnownFileType = file.storyboard; name = Base; path = Base.lproj/Main.storyboard; sourceTree = "<group>"; };
		7D54AEA51D7FC85600C10E6D /* Assets.xcassets */ = {isa = PBXFileReference; lastKnownFileType = folder.assetcatalog; path = Assets.xcassets; sourceTree = "<group>"; };
		7D54AEA81D7FC85600C10E6D /* Base */ = {isa = PBXFileReference; lastKnownFileType = file.storyboard; name = Base; path = Base.lproj/LaunchScreen.storyboard; sourceTree = "<group>"; };
		7D54AEAA1D7FC85600C10E6D /* Info.plist */ = {isa = PBXFileReference; lastKnownFileType = text.plist.xml; path = Info.plist; sourceTree = "<group>"; };
		7D54AEAF1D7FC85600C10E6D /* swiftFactoryTests.xctest */ = {isa = PBXFileReference; explicitFileType = wrapper.cfbundle; includeInIndex = 0; path = swiftFactoryTests.xctest; sourceTree = BUILT_PRODUCTS_DIR; };
		7D54AEB31D7FC85600C10E6D /* swiftFactoryTests.swift */ = {isa = PBXFileReference; lastKnownFileType = sourcecode.swift; path = swiftFactoryTests.swift; sourceTree = "<group>"; };
		7D54AEB51D7FC85600C10E6D /* Info.plist */ = {isa = PBXFileReference; lastKnownFileType = text.plist.xml; path = Info.plist; sourceTree = "<group>"; };
		7D54AEBA1D7FC85600C10E6D /* swiftFactoryUITests.xctest */ = {isa = PBXFileReference; explicitFileType = wrapper.cfbundle; includeInIndex = 0; path = swiftFactoryUITests.xctest; sourceTree = BUILT_PRODUCTS_DIR; };
		7D54AEBE1D7FC85600C10E6D /* swiftFactoryUITests.swift */ = {isa = PBXFileReference; lastKnownFileType = sourcecode.swift; path = swiftFactoryUITests.swift; sourceTree = "<group>"; };
		7D54AEC01D7FC85600C10E6D /* Info.plist */ = {isa = PBXFileReference; lastKnownFileType = text.plist.xml; path = Info.plist; sourceTree = "<group>"; };
		7D8296F41D8813A300A8FD3E /* Global.swift */ = {isa = PBXFileReference; fileEncoding = 4; lastKnownFileType = sourcecode.swift; path = Global.swift; sourceTree = "<group>"; };
		84C8115DF63BDEE7AEF47794 /* Pods_swiftFactory.framework */ = {isa = PBXFileReference; explicitFileType = wrapper.framework; includeInIndex = 0; path = Pods_swiftFactory.framework; sourceTree = BUILT_PRODUCTS_DIR; };
		C67A06CA1D8C5B6A00CEC599 /* swfitFactory.playground */ = {isa = PBXFileReference; lastKnownFileType = file.playground; path = swfitFactory.playground; sourceTree = "<group>"; };
		F5AAF88F06EC94CB911B777C /* Pods-swiftFactory.debug.xcconfig */ = {isa = PBXFileReference; includeInIndex = 1; lastKnownFileType = text.xcconfig; name = "Pods-swiftFactory.debug.xcconfig"; path = "Pods/Target Support Files/Pods-swiftFactory/Pods-swiftFactory.debug.xcconfig"; sourceTree = "<group>"; };
/* End PBXFileReference section */

/* Begin PBXFrameworksBuildPhase section */
		7D54AE981D7FC85600C10E6D /* Frameworks */ = {
			isa = PBXFrameworksBuildPhase;
			buildActionMask = 2147483647;
			files = (
				349C13AAABF49C42C6C194E2 /* Pods_swiftFactory.framework in Frameworks */,
			);
			runOnlyForDeploymentPostprocessing = 0;
		};
		7D54AEAC1D7FC85600C10E6D /* Frameworks */ = {
			isa = PBXFrameworksBuildPhase;
			buildActionMask = 2147483647;
			files = (
			);
			runOnlyForDeploymentPostprocessing = 0;
		};
		7D54AEB71D7FC85600C10E6D /* Frameworks */ = {
			isa = PBXFrameworksBuildPhase;
			buildActionMask = 2147483647;
			files = (
			);
			runOnlyForDeploymentPostprocessing = 0;
		};
/* End PBXFrameworksBuildPhase section */

/* Begin PBXGroup section */
		5BB5BCB3AEB581D8A27DB972 /* Pods */ = {
			isa = PBXGroup;
			children = (
				F5AAF88F06EC94CB911B777C /* Pods-swiftFactory.debug.xcconfig */,
				1509F21873CE7E7B8A3FD3E1 /* Pods-swiftFactory.release.xcconfig */,
			);
			name = Pods;
			sourceTree = "<group>";
		};
		7D54AE921D7FC85600C10E6D = {
			isa = PBXGroup;
			children = (
				7D54AE9D1D7FC85600C10E6D /* swiftFactory */,
				7D54AEB21D7FC85600C10E6D /* swiftFactoryTests */,
				7D54AEBD1D7FC85600C10E6D /* swiftFactoryUITests */,
				7D54AE9C1D7FC85600C10E6D /* Products */,
				5BB5BCB3AEB581D8A27DB972 /* Pods */,
				A001A9F5DB598AB850C971B9 /* Frameworks */,
			);
			sourceTree = "<group>";
		};
		7D54AE9C1D7FC85600C10E6D /* Products */ = {
			isa = PBXGroup;
			children = (
				7D54AE9B1D7FC85600C10E6D /* swiftFactory.app */,
				7D54AEAF1D7FC85600C10E6D /* swiftFactoryTests.xctest */,
				7D54AEBA1D7FC85600C10E6D /* swiftFactoryUITests.xctest */,
			);
			name = Products;
			sourceTree = "<group>";
		};
		7D54AE9D1D7FC85600C10E6D /* swiftFactory */ = {
			isa = PBXGroup;
			children = (
				7D54AE9E1D7FC85600C10E6D /* AppDelegate.swift */,
				7D54AEA01D7FC85600C10E6D /* ViewController.swift */,
				7D54AEA21D7FC85600C10E6D /* Main.storyboard */,
				7D54AEA51D7FC85600C10E6D /* Assets.xcassets */,
				7D54AEA71D7FC85600C10E6D /* LaunchScreen.storyboard */,
				7D54AEAA1D7FC85600C10E6D /* Info.plist */,
				7D0C3E301D82D8C100531965 /* MainController.swift */,
				7D8296F41D8813A300A8FD3E /* Global.swift */,
				C67A06CA1D8C5B6A00CEC599 /* swfitFactory.playground */,
			);
			path = swiftFactory;
			sourceTree = "<group>";
		};
		7D54AEB21D7FC85600C10E6D /* swiftFactoryTests */ = {
			isa = PBXGroup;
			children = (
				7D54AEB31D7FC85600C10E6D /* swiftFactoryTests.swift */,
				7D54AEB51D7FC85600C10E6D /* Info.plist */,
			);
			path = swiftFactoryTests;
			sourceTree = "<group>";
		};
		7D54AEBD1D7FC85600C10E6D /* swiftFactoryUITests */ = {
			isa = PBXGroup;
			children = (
				7D54AEBE1D7FC85600C10E6D /* swiftFactoryUITests.swift */,
				7D54AEC01D7FC85600C10E6D /* Info.plist */,
			);
			path = swiftFactoryUITests;
			sourceTree = "<group>";
		};
		A001A9F5DB598AB850C971B9 /* Frameworks */ = {
			isa = PBXGroup;
			children = (
				84C8115DF63BDEE7AEF47794 /* Pods_swiftFactory.framework */,
			);
			name = Frameworks;
			sourceTree = "<group>";
		};
/* End PBXGroup section */

/* Begin PBXNativeTarget section */
		7D54AE9A1D7FC85600C10E6D /* swiftFactory */ = {
			isa = PBXNativeTarget;
			buildConfigurationList = 7D54AEC31D7FC85600C10E6D /* Build configuration list for PBXNativeTarget "swiftFactory" */;
			buildPhases = (
				82A8C53B1DF050EFA953C212 /* [CP] Check Pods Manifest.lock */,
				7D54AE971D7FC85600C10E6D /* Sources */,
				7D54AE981D7FC85600C10E6D /* Frameworks */,
				7D54AE991D7FC85600C10E6D /* Resources */,
				DC0957B662CD0DD80F0B44FB /* [CP] Embed Pods Frameworks */,
				D00F3DF924B1F85348EC2484 /* [CP] Copy Pods Resources */,
				38C0D64A62CB6B540F1902A0 /* Embed Pods Frameworks */,
			);
			buildRules = (
			);
			dependencies = (
			);
			name = swiftFactory;
			productName = swiftFactory;
			productReference = 7D54AE9B1D7FC85600C10E6D /* swiftFactory.app */;
			productType = "com.apple.product-type.application";
		};
		7D54AEAE1D7FC85600C10E6D /* swiftFactoryTests */ = {
			isa = PBXNativeTarget;
			buildConfigurationList = 7D54AEC61D7FC85600C10E6D /* Build configuration list for PBXNativeTarget "swiftFactoryTests" */;
			buildPhases = (
				7D54AEAB1D7FC85600C10E6D /* Sources */,
				7D54AEAC1D7FC85600C10E6D /* Frameworks */,
				7D54AEAD1D7FC85600C10E6D /* Resources */,
			);
			buildRules = (
			);
			dependencies = (
				7D54AEB11D7FC85600C10E6D /* PBXTargetDependency */,
			);
			name = swiftFactoryTests;
			productName = swiftFactoryTests;
			productReference = 7D54AEAF1D7FC85600C10E6D /* swiftFactoryTests.xctest */;
			productType = "com.apple.product-type.bundle.unit-test";
		};
		7D54AEB91D7FC85600C10E6D /* swiftFactoryUITests */ = {
			isa = PBXNativeTarget;
			buildConfigurationList = 7D54AEC91D7FC85600C10E6D /* Build configuration list for PBXNativeTarget "swiftFactoryUITests" */;
			buildPhases = (
				7D54AEB61D7FC85600C10E6D /* Sources */,
				7D54AEB71D7FC85600C10E6D /* Frameworks */,
				7D54AEB81D7FC85600C10E6D /* Resources */,
			);
			buildRules = (
			);
			dependencies = (
				7D54AEBC1D7FC85600C10E6D /* PBXTargetDependency */,
			);
			name = swiftFactoryUITests;
			productName = swiftFactoryUITests;
			productReference = 7D54AEBA1D7FC85600C10E6D /* swiftFactoryUITests.xctest */;
			productType = "com.apple.product-type.bundle.ui-testing";
		};
/* End PBXNativeTarget section */

/* Begin PBXProject section */
		7D54AE931D7FC85600C10E6D /* Project object */ = {
			isa = PBXProject;
			attributes = {
				LastSwiftUpdateCheck = 0730;
				LastUpgradeCheck = 0730;
				ORGANIZATIONNAME = wangshuang;
				TargetAttributes = {
					7D54AE9A1D7FC85600C10E6D = {
						CreatedOnToolsVersion = 7.3.1;
					};
					7D54AEAE1D7FC85600C10E6D = {
						CreatedOnToolsVersion = 7.3.1;
						TestTargetID = 7D54AE9A1D7FC85600C10E6D;
					};
					7D54AEB91D7FC85600C10E6D = {
						CreatedOnToolsVersion = 7.3.1;
						TestTargetID = 7D54AE9A1D7FC85600C10E6D;
					};
				};
			};
			buildConfigurationList = 7D54AE961D7FC85600C10E6D /* Build configuration list for PBXProject "swiftFactory" */;
			compatibilityVersion = "Xcode 3.2";
			developmentRegion = English;
			hasScannedForEncodings = 0;
			knownRegions = (
				en,
				Base,
			);
			mainGroup = 7D54AE921D7FC85600C10E6D;
			productRefGroup = 7D54AE9C1D7FC85600C10E6D /* Products */;
			projectDirPath = "";
			projectRoot = "";
			targets = (
				7D54AE9A1D7FC85600C10E6D /* swiftFactory */,
				7D54AEAE1D7FC85600C10E6D /* swiftFactoryTests */,
				7D54AEB91D7FC85600C10E6D /* swiftFactoryUITests */,
			);
		};
/* End PBXProject section */

/* Begin PBXResourcesBuildPhase section */
		7D54AE991D7FC85600C10E6D /* Resources */ = {
			isa = PBXResourcesBuildPhase;
			buildActionMask = 2147483647;
			files = (
				7D54AEA91D7FC85600C10E6D /* LaunchScreen.storyboard in Resources */,
				7D54AEA61D7FC85600C10E6D /* Assets.xcassets in Resources */,
				7D54AEA41D7FC85600C10E6D /* Main.storyboard in Resources */,
			);
			runOnlyForDeploymentPostprocessing = 0;
		};
		7D54AEAD1D7FC85600C10E6D /* Resources */ = {
			isa = PBXResourcesBuildPhase;
			buildActionMask = 2147483647;
			files = (
			);
			runOnlyForDeploymentPostprocessing = 0;
		};
		7D54AEB81D7FC85600C10E6D /* Resources */ = {
			isa = PBXResourcesBuildPhase;
			buildActionMask = 2147483647;
			files = (
			);
			runOnlyForDeploymentPostprocessing = 0;
		};
/* End PBXResourcesBuildPhase section */

/* Begin PBXShellScriptBuildPhase section */
		38C0D64A62CB6B540F1902A0 /* Embed Pods Frameworks */ = {
			isa = PBXShellScriptBuildPhase;
			buildActionMask = 2147483647;
			files = (
			);
			inputPaths = (
			);
			name = "Embed Pods Frameworks";
			outputPaths = (
			);
			runOnlyForDeploymentPostprocessing = 0;
			shellPath = /bin/sh;
			shellScript = "\"${SRCROOT}/Pods/Target Support Files/Pods-swiftFactory/Pods-swiftFactory-frameworks.sh\"\n";
			showEnvVarsInLog = 0;
		};
		82A8C53B1DF050EFA953C212 /* [CP] Check Pods Manifest.lock */ = {
			isa = PBXShellScriptBuildPhase;
			buildActionMask = 2147483647;
			files = (
			);
			inputPaths = (
			);
			name = "[CP] Check Pods Manifest.lock";
			outputPaths = (
			);
			runOnlyForDeploymentPostprocessing = 0;
			shellPath = /bin/sh;
			shellScript = "diff \"${PODS_ROOT}/../Podfile.lock\" \"${PODS_ROOT}/Manifest.lock\" > /dev/null\nif [ $? != 0 ] ; then\n    # print error to STDERR\n    echo \"error: The sandbox is not in sync with the Podfile.lock. Run 'pod install' or update your CocoaPods installation.\" >&2\n    exit 1\nfi\n";
			showEnvVarsInLog = 0;
		};
		D00F3DF924B1F85348EC2484 /* [CP] Copy Pods Resources */ = {
			isa = PBXShellScriptBuildPhase;
			buildActionMask = 2147483647;
			files = (
			);
			inputPaths = (
			);
			name = "[CP] Copy Pods Resources";
			outputPaths = (
			);
			runOnlyForDeploymentPostprocessing = 0;
			shellPath = /bin/sh;
			shellScript = "\"${SRCROOT}/Pods/Target Support Files/Pods-swiftFactory/Pods-swiftFactory-resources.sh\"\n";
			showEnvVarsInLog = 0;
		};
		DC0957B662CD0DD80F0B44FB /* [CP] Embed Pods Frameworks */ = {
			isa = PBXShellScriptBuildPhase;
			buildActionMask = 2147483647;
			files = (
			);
			inputPaths = (
			);
			name = "[CP] Embed Pods Frameworks";
			outputPaths = (
			);
			runOnlyForDeploymentPostprocessing = 0;
			shellPath = /bin/sh;
			shellScript = "\"${SRCROOT}/Pods/Target Support Files/Pods-swiftFactory/Pods-swiftFactory-frameworks.sh\"\n";
			showEnvVarsInLog = 0;
		};
/* End PBXShellScriptBuildPhase section */

/* Begin PBXSourcesBuildPhase section */
		7D54AE971D7FC85600C10E6D /* Sources */ = {
			isa = PBXSourcesBuildPhase;
			buildActionMask = 2147483647;
			files = (
				7D8296F51D8813A300A8FD3E /* Global.swift in Sources */,
				7D54AEA11D7FC85600C10E6D /* ViewController.swift in Sources */,
				7D0C3E311D82D8C100531965 /* MainController.swift in Sources */,
				7D54AE9F1D7FC85600C10E6D /* AppDelegate.swift in Sources */,
			);
			runOnlyForDeploymentPostprocessing = 0;
		};
		7D54AEAB1D7FC85600C10E6D /* Sources */ = {
			isa = PBXSourcesBuildPhase;
			buildActionMask = 2147483647;
			files = (
				7D54AEB41D7FC85600C10E6D /* swiftFactoryTests.swift in Sources */,
			);
			runOnlyForDeploymentPostprocessing = 0;
		};
		7D54AEB61D7FC85600C10E6D /* Sources */ = {
			isa = PBXSourcesBuildPhase;
			buildActionMask = 2147483647;
			files = (
				7D54AEBF1D7FC85600C10E6D /* swiftFactoryUITests.swift in Sources */,
			);
			runOnlyForDeploymentPostprocessing = 0;
		};
/* End PBXSourcesBuildPhase section */

/* Begin PBXTargetDependency section */
		7D54AEB11D7FC85600C10E6D /* PBXTargetDependency */ = {
			isa = PBXTargetDependency;
			target = 7D54AE9A1D7FC85600C10E6D /* swiftFactory */;
			targetProxy = 7D54AEB01D7FC85600C10E6D /* PBXContainerItemProxy */;
		};
		7D54AEBC1D7FC85600C10E6D /* PBXTargetDependency */ = {
			isa = PBXTargetDependency;
			target = 7D54AE9A1D7FC85600C10E6D /* swiftFactory */;
			targetProxy = 7D54AEBB1D7FC85600C10E6D /* PBXContainerItemProxy */;
		};
/* End PBXTargetDependency section */

/* Begin PBXVariantGroup section */
		7D54AEA21D7FC85600C10E6D /* Main.storyboard */ = {
			isa = PBXVariantGroup;
			children = (
				7D54AEA31D7FC85600C10E6D /* Base */,
			);
			name = Main.storyboard;
			sourceTree = "<group>";
		};
		7D54AEA71D7FC85600C10E6D /* LaunchScreen.storyboard */ = {
			isa = PBXVariantGroup;
			children = (
				7D54AEA81D7FC85600C10E6D /* Base */,
			);
			name = LaunchScreen.storyboard;
			sourceTree = "<group>";
		};
/* End PBXVariantGroup section */

/* Begin XCBuildConfiguration section */
		7D54AEC11D7FC85600C10E6D /* Debug */ = {
			isa = XCBuildConfiguration;
			buildSettings = {
				ALWAYS_SEARCH_USER_PATHS = NO;
				CLANG_ANALYZER_NONNULL = YES;
				CLANG_CXX_LANGUAGE_STANDARD = "gnu++0x";
				CLANG_CXX_LIBRARY = "libc++";
				CLANG_ENABLE_MODULES = YES;
				CLANG_ENABLE_OBJC_ARC = YES;
				CLANG_WARN_BOOL_CONVERSION = YES;
				CLANG_WARN_CONSTANT_CONVERSION = YES;
				CLANG_WARN_DIRECT_OBJC_ISA_USAGE = YES_ERROR;
				CLANG_WARN_EMPTY_BODY = YES;
				CLANG_WARN_ENUM_CONVERSION = YES;
				CLANG_WARN_INT_CONVERSION = YES;
				CLANG_WARN_OBJC_ROOT_CLASS = YES_ERROR;
				CLANG_WARN_UNREACHABLE_CODE = YES;
				CLANG_WARN__DUPLICATE_METHOD_MATCH = YES;
				"CODE_SIGN_IDENTITY[sdk=iphoneos*]" = "iPhone Developer";
				COPY_PHASE_STRIP = NO;
				DEBUG_INFORMATION_FORMAT = dwarf;
				ENABLE_STRICT_OBJC_MSGSEND = YES;
				ENABLE_TESTABILITY = YES;
				GCC_C_LANGUAGE_STANDARD = gnu99;
				GCC_DYNAMIC_NO_PIC = NO;
				GCC_NO_COMMON_BLOCKS = YES;
				GCC_OPTIMIZATION_LEVEL = 0;
				GCC_PREPROCESSOR_DEFINITIONS = (
					"DEBUG=1",
					"$(inherited)",
				);
				GCC_WARN_64_TO_32_BIT_CONVERSION = YES;
				GCC_WARN_ABOUT_RETURN_TYPE = YES_ERROR;
				GCC_WARN_UNDECLARED_SELECTOR = YES;
				GCC_WARN_UNINITIALIZED_AUTOS = YES_AGGRESSIVE;
				GCC_WARN_UNUSED_FUNCTION = YES;
				GCC_WARN_UNUSED_VARIABLE = YES;
				IPHONEOS_DEPLOYMENT_TARGET = 8.0;
				MTL_ENABLE_DEBUG_INFO = YES;
				ONLY_ACTIVE_ARCH = YES;
				SDKROOT = iphoneos;
				SWIFT_OPTIMIZATION_LEVEL = "-Onone";
			};
			name = Debug;
		};
		7D54AEC21D7FC85600C10E6D /* Release */ = {
			isa = XCBuildConfiguration;
			buildSettings = {
				ALWAYS_SEARCH_USER_PATHS = NO;
				CLANG_ANALYZER_NONNULL = YES;
				CLANG_CXX_LANGUAGE_STANDARD = "gnu++0x";
				CLANG_CXX_LIBRARY = "libc++";
				CLANG_ENABLE_MODULES = YES;
				CLANG_ENABLE_OBJC_ARC = YES;
				CLANG_WARN_BOOL_CONVERSION = YES;
				CLANG_WARN_CONSTANT_CONVERSION = YES;
				CLANG_WARN_DIRECT_OBJC_ISA_USAGE = YES_ERROR;
				CLANG_WARN_EMPTY_BODY = YES;
				CLANG_WARN_ENUM_CONVERSION = YES;
				CLANG_WARN_INT_CONVERSION = YES;
				CLANG_WARN_OBJC_ROOT_CLASS = YES_ERROR;
				CLANG_WARN_UNREACHABLE_CODE = YES;
				CLANG_WARN__DUPLICATE_METHOD_MATCH = YES;
				"CODE_SIGN_IDENTITY[sdk=iphoneos*]" = "iPhone Developer";
				COPY_PHASE_STRIP = NO;
				DEBUG_INFORMATION_FORMAT = "dwarf-with-dsym";
				ENABLE_NS_ASSERTIONS = NO;
				ENABLE_STRICT_OBJC_MSGSEND = YES;
				GCC_C_LANGUAGE_STANDARD = gnu99;
				GCC_NO_COMMON_BLOCKS = YES;
				GCC_WARN_64_TO_32_BIT_CONVERSION = YES;
				GCC_WARN_ABOUT_RETURN_TYPE = YES_ERROR;
				GCC_WARN_UNDECLARED_SELECTOR = YES;
				GCC_WARN_UNINITIALIZED_AUTOS = YES_AGGRESSIVE;
				GCC_WARN_UNUSED_FUNCTION = YES;
				GCC_WARN_UNUSED_VARIABLE = YES;
				IPHONEOS_DEPLOYMENT_TARGET = 8.0;
				MTL_ENABLE_DEBUG_INFO = NO;
				SDKROOT = iphoneos;
				VALIDATE_PRODUCT = YES;
			};
			name = Release;
		};
		7D54AEC41D7FC85600C10E6D /* Debug */ = {
			isa = XCBuildConfiguration;
			baseConfigurationReference = F5AAF88F06EC94CB911B777C /* Pods-swiftFactory.debug.xcconfig */;
			buildSettings = {
				ASSETCATALOG_COMPILER_APPICON_NAME = AppIcon;
				INFOPLIST_FILE = swiftFactory/Info.plist;
				IPHONEOS_DEPLOYMENT_TARGET = 8.0;
				LD_RUNPATH_SEARCH_PATHS = "$(inherited) @executable_path/Frameworks";
				PRODUCT_BUNDLE_IDENTIFIER = com.cn.cq.swiftFactory;
				PRODUCT_NAME = "$(TARGET_NAME)";
			};
			name = Debug;
		};
		7D54AEC51D7FC85600C10E6D /* Release */ = {
			isa = XCBuildConfiguration;
			baseConfigurationReference = 1509F21873CE7E7B8A3FD3E1 /* Pods-swiftFactory.release.xcconfig */;
			buildSettings = {
				ASSETCATALOG_COMPILER_APPICON_NAME = AppIcon;
				INFOPLIST_FILE = swiftFactory/Info.plist;
				IPHONEOS_DEPLOYMENT_TARGET = 8.0;
				LD_RUNPATH_SEARCH_PATHS = "$(inherited) @executable_path/Frameworks";
				PRODUCT_BUNDLE_IDENTIFIER = com.cn.cq.swiftFactory;
				PRODUCT_NAME = "$(TARGET_NAME)";
			};
			name = Release;
		};
		7D54AEC71D7FC85600C10E6D /* Debug */ = {
			isa = XCBuildConfiguration;
			buildSettings = {
				BUNDLE_LOADER = "$(TEST_HOST)";
				INFOPLIST_FILE = swiftFactoryTests/Info.plist;
				LD_RUNPATH_SEARCH_PATHS = "$(inherited) @executable_path/Frameworks @loader_path/Frameworks";
				PRODUCT_BUNDLE_IDENTIFIER = com.cn.cq.swiftFactoryTests;
				PRODUCT_NAME = "$(TARGET_NAME)";
				TEST_HOST = "$(BUILT_PRODUCTS_DIR)/swiftFactory.app/swiftFactory";
			};
			name = Debug;
		};
		7D54AEC81D7FC85600C10E6D /* Release */ = {
			isa = XCBuildConfiguration;
			buildSettings = {
				BUNDLE_LOADER = "$(TEST_HOST)";
				INFOPLIST_FILE = swiftFactoryTests/Info.plist;
				LD_RUNPATH_SEARCH_PATHS = "$(inherited) @executable_path/Frameworks @loader_path/Frameworks";
				PRODUCT_BUNDLE_IDENTIFIER = com.cn.cq.swiftFactoryTests;
				PRODUCT_NAME = "$(TARGET_NAME)";
				TEST_HOST = "$(BUILT_PRODUCTS_DIR)/swiftFactory.app/swiftFactory";
			};
			name = Release;
		};
		7D54AECA1D7FC85600C10E6D /* Debug */ = {
			isa = XCBuildConfiguration;
			buildSettings = {
				INFOPLIST_FILE = swiftFactoryUITests/Info.plist;
				LD_RUNPATH_SEARCH_PATHS = "$(inherited) @executable_path/Frameworks @loader_path/Frameworks";
				PRODUCT_BUNDLE_IDENTIFIER = com.cn.cq.swiftFactoryUITests;
				PRODUCT_NAME = "$(TARGET_NAME)";
				TEST_TARGET_NAME = swiftFactory;
			};
			name = Debug;
		};
		7D54AECB1D7FC85600C10E6D /* Release */ = {
			isa = XCBuildConfiguration;
			buildSettings = {
				INFOPLIST_FILE = swiftFactoryUITests/Info.plist;
				LD_RUNPATH_SEARCH_PATHS = "$(inherited) @executable_path/Frameworks @loader_path/Frameworks";
				PRODUCT_BUNDLE_IDENTIFIER = com.cn.cq.swiftFactoryUITests;
				PRODUCT_NAME = "$(TARGET_NAME)";
				TEST_TARGET_NAME = swiftFactory;
			};
			name = Release;
		};
/* End XCBuildConfiguration section */

/* Begin XCConfigurationList section */
		7D54AE961D7FC85600C10E6D /* Build configuration list for PBXProject "swiftFactory" */ = {
			isa = XCConfigurationList;
			buildConfigurations = (
				7D54AEC11D7FC85600C10E6D /* Debug */,
				7D54AEC21D7FC85600C10E6D /* Release */,
			);
			defaultConfigurationIsVisible = 0;
			defaultConfigurationName = Release;
		};
		7D54AEC31D7FC85600C10E6D /* Build configuration list for PBXNativeTarget "swiftFactory" */ = {
			isa = XCConfigurationList;
			buildConfigurations = (
				7D54AEC41D7FC85600C10E6D /* Debug */,
				7D54AEC51D7FC85600C10E6D /* Release */,
			);
			defaultConfigurationIsVisible = 0;
			defaultConfigurationName = Release;
		};
		7D54AEC61D7FC85600C10E6D /* Build configuration list for PBXNativeTarget "swiftFactoryTests" */ = {
			isa = XCConfigurationList;
			buildConfigurations = (
				7D54AEC71D7FC85600C10E6D /* Debug */,
				7D54AEC81D7FC85600C10E6D /* Release */,
			);
			defaultConfigurationIsVisible = 0;
			defaultConfigurationName = Release;
		};
		7D54AEC91D7FC85600C10E6D /* Build configuration list for PBXNativeTarget "swiftFactoryUITests" */ = {
			isa = XCConfigurationList;
			buildConfigurations = (
				7D54AECA1D7FC85600C10E6D /* Debug */,
				7D54AECB1D7FC85600C10E6D /* Release */,
			);
			defaultConfigurationIsVisible = 0;
			defaultConfigurationName = Release;
		};
/* End XCConfigurationList section */
	};
	rootObject = 7D54AE931D7FC85600C10E6D /* Project object */;
}
